// !$*UTF8*$!
{
	archiveVersion = 1;
	classes = {
	};
	objectVersion = 46;
	objects = {

/* Begin PBXBuildFile section */
		47019435133A086C00EB711A /* PWSTracksContextServiceFactory.m in Sources */ = {isa = PBXBuildFile; fileRef = 47019434133A086C00EB711A /* PWSTracksContextServiceFactory.m */; };
		47019439133A08A700EB711A /* PWSTracksContextServiceFactory.h in Headers */ = {isa = PBXBuildFile; fileRef = 47019438133A08A700EB711A /* PWSTracksContextServiceFactory.h */; };
		47019442133A0E6500EB711A /* PWSTracksContextImp.h in Headers */ = {isa = PBXBuildFile; fileRef = 47019440133A0E6500EB711A /* PWSTracksContextImp.h */; };
		47019443133A0E6500EB711A /* PWSTracksContextImp.m in Sources */ = {isa = PBXBuildFile; fileRef = 47019441133A0E6500EB711A /* PWSTracksContextImp.m */; };
		47019447133AD9A400EB711A /* PWSTracksContextFactory.h in Headers */ = {isa = PBXBuildFile; fileRef = 47019445133AD9A400EB711A /* PWSTracksContextFactory.h */; };
		47019448133AD9A400EB711A /* PWSTracksContextFactory.m in Sources */ = {isa = PBXBuildFile; fileRef = 47019446133AD9A400EB711A /* PWSTracksContextFactory.m */; };
		4701944B133ADA4900EB711A /* ContextServiceTest.m in Sources */ = {isa = PBXBuildFile; fileRef = 4701944A133ADA4900EB711A /* ContextServiceTest.m */; };
		4703B063132F6CDE002B866F /* Foundation.framework in Frameworks */ = {isa = PBXBuildFile; fileRef = 4703B062132F6CDE002B866F /* Foundation.framework */; };
		4703B06E132F6CDE002B866F /* UIKit.framework in Frameworks */ = {isa = PBXBuildFile; fileRef = 4703B06D132F6CDE002B866F /* UIKit.framework */; };
		4703B06F132F6CDE002B866F /* Foundation.framework in Frameworks */ = {isa = PBXBuildFile; fileRef = 4703B062132F6CDE002B866F /* Foundation.framework */; };
		4703B071132F6CDE002B866F /* CoreGraphics.framework in Frameworks */ = {isa = PBXBuildFile; fileRef = 4703B070132F6CDE002B866F /* CoreGraphics.framework */; };
		4703B074132F6CDE002B866F /* libTracksObjC.a in Frameworks */ = {isa = PBXBuildFile; fileRef = 4703B05F132F6CDE002B866F /* libTracksObjC.a */; };
		4703B07A132F6CDE002B866F /* InfoPlist.strings in Resources */ = {isa = PBXBuildFile; fileRef = 4703B078132F6CDE002B866F /* InfoPlist.strings */; };
		4703B0C31330E1D1002B866F /* PWSTracksTodoImp.h in Headers */ = {isa = PBXBuildFile; fileRef = 4703B0C11330E1D1002B866F /* PWSTracksTodoImp.h */; };
		4703B0C41330E1D1002B866F /* PWSTracksTodoImp.m in Sources */ = {isa = PBXBuildFile; fileRef = 4703B0C21330E1D1002B866F /* PWSTracksTodoImp.m */; };
		4703B0C81330EDC3002B866F /* PWSTracksTodo.h in Headers */ = {isa = PBXBuildFile; fileRef = 4703B0C71330EDC3002B866F /* PWSTracksTodo.h */; };
		4703B0CC1330EFE7002B866F /* PWSTracksTodoServiceDelegate.h in Headers */ = {isa = PBXBuildFile; fileRef = 4703B0CB1330EFE7002B866F /* PWSTracksTodoServiceDelegate.h */; };
		4703B0D21331BFFD002B866F /* PWSTracksTodoServiceFactory.h in Headers */ = {isa = PBXBuildFile; fileRef = 4703B0D11331BFFD002B866F /* PWSTracksTodoServiceFactory.h */; };
		470AF91A1331CA6100130215 /* TodoServiceTest.m in Sources */ = {isa = PBXBuildFile; fileRef = 470AF9161331C96C00130215 /* TodoServiceTest.m */; };
		470AF91E1331DE0500130215 /* PWSTracksBaseFactory.h in Headers */ = {isa = PBXBuildFile; fileRef = 470AF91C1331DE0500130215 /* PWSTracksBaseFactory.h */; };
		470AF91F1331DE0500130215 /* PWSTracksBaseFactory.m in Sources */ = {isa = PBXBuildFile; fileRef = 470AF91D1331DE0500130215 /* PWSTracksBaseFactory.m */; };
		470AF93A1338A9CA00130215 /* PWSTracksServiceDelegate.h in Headers */ = {isa = PBXBuildFile; fileRef = 470AF9391338A9CA00130215 /* PWSTracksServiceDelegate.h */; };
		47642D111338AD70005CA836 /* PWSTracksService.h in Headers */ = {isa = PBXBuildFile; fileRef = 47642D101338AD70005CA836 /* PWSTracksService.h */; };
		47642D161338B9E0005CA836 /* PWSTracksTodoServiceFactory.m in Sources */ = {isa = PBXBuildFile; fileRef = 47642D141338B9DF005CA836 /* PWSTracksTodoServiceFactory.m */; };
		47642D1D1338C197005CA836 /* PWSTracksTodoFactory.h in Headers */ = {isa = PBXBuildFile; fileRef = 47642D1B1338C197005CA836 /* PWSTracksTodoFactory.h */; };
		47642D1E1338C197005CA836 /* PWSTracksTodoFactory.m in Sources */ = {isa = PBXBuildFile; fileRef = 47642D1C1338C197005CA836 /* PWSTracksTodoFactory.m */; };
		47642D2C133A0202005CA836 /* PWSTracksContext.h in Headers */ = {isa = PBXBuildFile; fileRef = 47642D2B133A0202005CA836 /* PWSTracksContext.h */; };
		47642D2E133A04FF005CA836 /* PWSTracksContextServiceDelegate.h in Headers */ = {isa = PBXBuildFile; fileRef = 47642D2D133A04FF005CA836 /* PWSTracksContextServiceDelegate.h */; };
/* End PBXBuildFile section */

/* Begin PBXContainerItemProxy section */
		4703B072132F6CDE002B866F /* PBXContainerItemProxy */ = {
			isa = PBXContainerItemProxy;
			containerPortal = 4703B056132F6CDD002B866F /* Project object */;
			proxyType = 1;
			remoteGlobalIDString = 4703B05E132F6CDE002B866F;
			remoteInfo = TracksObjC;
		};
/* End PBXContainerItemProxy section */

/* Begin PBXFileReference section */
		47019434133A086C00EB711A /* PWSTracksContextServiceFactory.m */ = {isa = PBXFileReference; fileEncoding = 4; lastKnownFileType = sourcecode.c.objc; name = PWSTracksContextServiceFactory.m; path = Implementation/PWSTracksContextServiceFactory.m; sourceTree = "<group>"; };
		47019438133A08A700EB711A /* PWSTracksContextServiceFactory.h */ = {isa = PBXFileReference; fileEncoding = 4; lastKnownFileType = sourcecode.c.h; name = PWSTracksContextServiceFactory.h; path = Interface/PWSTracksContextServiceFactory.h; sourceTree = "<group>"; };
		47019440133A0E6500EB711A /* PWSTracksContextImp.h */ = {isa = PBXFileReference; fileEncoding = 4; lastKnownFileType = sourcecode.c.h; path = PWSTracksContextImp.h; sourceTree = "<group>"; };
		47019441133A0E6500EB711A /* PWSTracksContextImp.m */ = {isa = PBXFileReference; fileEncoding = 4; lastKnownFileType = sourcecode.c.objc; path = PWSTracksContextImp.m; sourceTree = "<group>"; };
		47019445133AD9A400EB711A /* PWSTracksContextFactory.h */ = {isa = PBXFileReference; fileEncoding = 4; lastKnownFileType = sourcecode.c.h; name = PWSTracksContextFactory.h; path = Implementation/PWSTracksContextFactory.h; sourceTree = "<group>"; };
		47019446133AD9A400EB711A /* PWSTracksContextFactory.m */ = {isa = PBXFileReference; fileEncoding = 4; lastKnownFileType = sourcecode.c.objc; name = PWSTracksContextFactory.m; path = Implementation/PWSTracksContextFactory.m; sourceTree = "<group>"; };
		47019449133ADA4900EB711A /* ContextServiceTest.h */ = {isa = PBXFileReference; fileEncoding = 4; lastKnownFileType = sourcecode.c.h; path = ContextServiceTest.h; sourceTree = "<group>"; };
		4701944A133ADA4900EB711A /* ContextServiceTest.m */ = {isa = PBXFileReference; fileEncoding = 4; lastKnownFileType = sourcecode.c.objc; path = ContextServiceTest.m; sourceTree = "<group>"; };
		4703B05F132F6CDE002B866F /* libTracksObjC.a */ = {isa = PBXFileReference; explicitFileType = archive.ar; includeInIndex = 0; path = libTracksObjC.a; sourceTree = BUILT_PRODUCTS_DIR; };
		4703B062132F6CDE002B866F /* Foundation.framework */ = {isa = PBXFileReference; lastKnownFileType = wrapper.framework; name = Foundation.framework; path = System/Library/Frameworks/Foundation.framework; sourceTree = SDKROOT; };
		4703B066132F6CDE002B866F /* TracksObjC-Prefix.pch */ = {isa = PBXFileReference; lastKnownFileType = sourcecode.c.h; path = "TracksObjC-Prefix.pch"; sourceTree = "<group>"; };
		4703B06C132F6CDE002B866F /* TracksObjCTests.octest */ = {isa = PBXFileReference; explicitFileType = wrapper.cfbundle; includeInIndex = 0; path = TracksObjCTests.octest; sourceTree = BUILT_PRODUCTS_DIR; };
		4703B06D132F6CDE002B866F /* UIKit.framework */ = {isa = PBXFileReference; lastKnownFileType = wrapper.framework; name = UIKit.framework; path = System/Library/Frameworks/UIKit.framework; sourceTree = SDKROOT; };
		4703B070132F6CDE002B866F /* CoreGraphics.framework */ = {isa = PBXFileReference; lastKnownFileType = wrapper.framework; name = CoreGraphics.framework; path = System/Library/Frameworks/CoreGraphics.framework; sourceTree = SDKROOT; };
		4703B077132F6CDE002B866F /* TracksObjCTests-Info.plist */ = {isa = PBXFileReference; lastKnownFileType = text.plist.xml; path = "TracksObjCTests-Info.plist"; sourceTree = "<group>"; };
		4703B079132F6CDE002B866F /* en */ = {isa = PBXFileReference; lastKnownFileType = text.plist.strings; name = en; path = en.lproj/InfoPlist.strings; sourceTree = "<group>"; };
		4703B07B132F6CDE002B866F /* TracksObjCTests-Prefix.pch */ = {isa = PBXFileReference; lastKnownFileType = sourcecode.c.h; path = "TracksObjCTests-Prefix.pch"; sourceTree = "<group>"; };
		4703B09E132F7A8D002B866F /* LICENCE */ = {isa = PBXFileReference; lastKnownFileType = text; path = LICENCE; sourceTree = "<group>"; };
		4703B09F132F7AE2002B866F /* README */ = {isa = PBXFileReference; lastKnownFileType = text; path = README; sourceTree = "<group>"; };
		4703B0C11330E1D1002B866F /* PWSTracksTodoImp.h */ = {isa = PBXFileReference; fileEncoding = 4; lastKnownFileType = sourcecode.c.h; name = PWSTracksTodoImp.h; path = Implementation/PWSTracksTodoImp.h; sourceTree = "<group>"; };
		4703B0C21330E1D1002B866F /* PWSTracksTodoImp.m */ = {isa = PBXFileReference; fileEncoding = 4; lastKnownFileType = sourcecode.c.objc; name = PWSTracksTodoImp.m; path = Implementation/PWSTracksTodoImp.m; sourceTree = "<group>"; };
		4703B0C71330EDC3002B866F /* PWSTracksTodo.h */ = {isa = PBXFileReference; fileEncoding = 4; lastKnownFileType = sourcecode.c.h; name = PWSTracksTodo.h; path = Interface/PWSTracksTodo.h; sourceTree = "<group>"; };
		4703B0CB1330EFE7002B866F /* PWSTracksTodoServiceDelegate.h */ = {isa = PBXFileReference; fileEncoding = 4; lastKnownFileType = sourcecode.c.h; name = PWSTracksTodoServiceDelegate.h; path = Interface/PWSTracksTodoServiceDelegate.h; sourceTree = "<group>"; };
		4703B0D11331BFFD002B866F /* PWSTracksTodoServiceFactory.h */ = {isa = PBXFileReference; fileEncoding = 4; lastKnownFileType = sourcecode.c.h; name = PWSTracksTodoServiceFactory.h; path = Interface/PWSTracksTodoServiceFactory.h; sourceTree = "<group>"; };
		470AF9151331C96C00130215 /* TodoServiceTest.h */ = {isa = PBXFileReference; fileEncoding = 4; lastKnownFileType = sourcecode.c.h; path = TodoServiceTest.h; sourceTree = "<group>"; };
		470AF9161331C96C00130215 /* TodoServiceTest.m */ = {isa = PBXFileReference; fileEncoding = 4; lastKnownFileType = sourcecode.c.objc; path = TodoServiceTest.m; sourceTree = "<group>"; };
		470AF91C1331DE0500130215 /* PWSTracksBaseFactory.h */ = {isa = PBXFileReference; fileEncoding = 4; lastKnownFileType = sourcecode.c.h; name = PWSTracksBaseFactory.h; path = Implementation/PWSTracksBaseFactory.h; sourceTree = "<group>"; };
		470AF91D1331DE0500130215 /* PWSTracksBaseFactory.m */ = {isa = PBXFileReference; fileEncoding = 4; lastKnownFileType = sourcecode.c.objc; name = PWSTracksBaseFactory.m; path = Implementation/PWSTracksBaseFactory.m; sourceTree = "<group>"; };
		470AF9391338A9CA00130215 /* PWSTracksServiceDelegate.h */ = {isa = PBXFileReference; fileEncoding = 4; lastKnownFileType = sourcecode.c.h; name = PWSTracksServiceDelegate.h; path = Interface/PWSTracksServiceDelegate.h; sourceTree = "<group>"; };
		47642D101338AD70005CA836 /* PWSTracksService.h */ = {isa = PBXFileReference; fileEncoding = 4; lastKnownFileType = sourcecode.c.h; name = PWSTracksService.h; path = Interface/PWSTracksService.h; sourceTree = "<group>"; };
		47642D141338B9DF005CA836 /* PWSTracksTodoServiceFactory.m */ = {isa = PBXFileReference; fileEncoding = 4; lastKnownFileType = sourcecode.c.objc; name = PWSTracksTodoServiceFactory.m; path = Implementation/PWSTracksTodoServiceFactory.m; sourceTree = "<group>"; };
		47642D1B1338C197005CA836 /* PWSTracksTodoFactory.h */ = {isa = PBXFileReference; fileEncoding = 4; lastKnownFileType = sourcecode.c.h; name = PWSTracksTodoFactory.h; path = Implementation/PWSTracksTodoFactory.h; sourceTree = "<group>"; };
		47642D1C1338C197005CA836 /* PWSTracksTodoFactory.m */ = {isa = PBXFileReference; fileEncoding = 4; lastKnownFileType = sourcecode.c.objc; name = PWSTracksTodoFactory.m; path = Implementation/PWSTracksTodoFactory.m; sourceTree = "<group>"; };
		47642D2B133A0202005CA836 /* PWSTracksContext.h */ = {isa = PBXFileReference; fileEncoding = 4; lastKnownFileType = sourcecode.c.h; name = PWSTracksContext.h; path = Interface/PWSTracksContext.h; sourceTree = "<group>"; };
		47642D2D133A04FF005CA836 /* PWSTracksContextServiceDelegate.h */ = {isa = PBXFileReference; fileEncoding = 4; lastKnownFileType = sourcecode.c.h; name = PWSTracksContextServiceDelegate.h; path = Interface/PWSTracksContextServiceDelegate.h; sourceTree = "<group>"; };
/* End PBXFileReference section */

/* Begin PBXFrameworksBuildPhase section */
		4703B05C132F6CDE002B866F /* Frameworks */ = {
			isa = PBXFrameworksBuildPhase;
			buildActionMask = 2147483647;
			files = (
				4703B063132F6CDE002B866F /* Foundation.framework in Frameworks */,
			);
			runOnlyForDeploymentPostprocessing = 0;
		};
		4703B068132F6CDE002B866F /* Frameworks */ = {
			isa = PBXFrameworksBuildPhase;
			buildActionMask = 2147483647;
			files = (
				4703B06E132F6CDE002B866F /* UIKit.framework in Frameworks */,
				4703B06F132F6CDE002B866F /* Foundation.framework in Frameworks */,
				4703B071132F6CDE002B866F /* CoreGraphics.framework in Frameworks */,
				4703B074132F6CDE002B866F /* libTracksObjC.a in Frameworks */,
			);
			runOnlyForDeploymentPostprocessing = 0;
		};
/* End PBXFrameworksBuildPhase section */

/* Begin PBXGroup section */
		4703B054132F6CDD002B866F = {
			isa = PBXGroup;
			children = (
				4703B0C61330E57C002B866F /* Interface */,
				4703B0C51330E215002B866F /* Implementation */,
				4703B09F132F7AE2002B866F /* README */,
				4703B09E132F7A8D002B866F /* LICENCE */,
				4703B064132F6CDE002B866F /* TracksObjC */,
				4703B075132F6CDE002B866F /* TracksObjCTests */,
				4703B061132F6CDE002B866F /* Frameworks */,
				4703B060132F6CDE002B866F /* Products */,
			);
			sourceTree = "<group>";
		};
		4703B060132F6CDE002B866F /* Products */ = {
			isa = PBXGroup;
			children = (
				4703B05F132F6CDE002B866F /* libTracksObjC.a */,
				4703B06C132F6CDE002B866F /* TracksObjCTests.octest */,
			);
			name = Products;
			sourceTree = "<group>";
		};
		4703B061132F6CDE002B866F /* Frameworks */ = {
			isa = PBXGroup;
			children = (
				4703B062132F6CDE002B866F /* Foundation.framework */,
				4703B06D132F6CDE002B866F /* UIKit.framework */,
				4703B070132F6CDE002B866F /* CoreGraphics.framework */,
			);
			name = Frameworks;
			sourceTree = "<group>";
		};
		4703B064132F6CDE002B866F /* TracksObjC */ = {
			isa = PBXGroup;
			children = (
				4703B065132F6CDE002B866F /* Supporting Files */,
			);
			path = TracksObjC;
			sourceTree = "<group>";
		};
		4703B065132F6CDE002B866F /* Supporting Files */ = {
			isa = PBXGroup;
			children = (
				4703B066132F6CDE002B866F /* TracksObjC-Prefix.pch */,
			);
			name = "Supporting Files";
			sourceTree = "<group>";
		};
		4703B075132F6CDE002B866F /* TracksObjCTests */ = {
			isa = PBXGroup;
			children = (
				47019449133ADA4900EB711A /* ContextServiceTest.h */,
				4701944A133ADA4900EB711A /* ContextServiceTest.m */,
				470AF9151331C96C00130215 /* TodoServiceTest.h */,
				470AF9161331C96C00130215 /* TodoServiceTest.m */,
				4703B076132F6CDE002B866F /* Supporting Files */,
			);
			path = TracksObjCTests;
			sourceTree = "<group>";
		};
		4703B076132F6CDE002B866F /* Supporting Files */ = {
			isa = PBXGroup;
			children = (
				4703B077132F6CDE002B866F /* TracksObjCTests-Info.plist */,
				4703B078132F6CDE002B866F /* InfoPlist.strings */,
				4703B07B132F6CDE002B866F /* TracksObjCTests-Prefix.pch */,
			);
			name = "Supporting Files";
			sourceTree = "<group>";
		};
		4703B0C51330E215002B866F /* Implementation */ = {
			isa = PBXGroup;
			children = (
				470AF91B1331DD8600130215 /* Common */,
				47642D2F133A053E005CA836 /* ContextService */,
				4703B0D51331C0BC002B866F /* TodoService */,
			);
			name = Implementation;
			sourceTree = "<group>";
		};
		4703B0C61330E57C002B866F /* Interface */ = {
			isa = PBXGroup;
			children = (
				470AF9391338A9CA00130215 /* PWSTracksServiceDelegate.h */,
				47642D101338AD70005CA836 /* PWSTracksService.h */,
				47019438133A08A700EB711A /* PWSTracksContextServiceFactory.h */,
				47642D2D133A04FF005CA836 /* PWSTracksContextServiceDelegate.h */,
				47642D2B133A0202005CA836 /* PWSTracksContext.h */,
				4703B0D11331BFFD002B866F /* PWSTracksTodoServiceFactory.h */,
				4703B0CB1330EFE7002B866F /* PWSTracksTodoServiceDelegate.h */,
				4703B0C71330EDC3002B866F /* PWSTracksTodo.h */,
			);
			name = Interface;
			sourceTree = "<group>";
		};
		4703B0D51331C0BC002B866F /* TodoService */ = {
			isa = PBXGroup;
			children = (
				47642D141338B9DF005CA836 /* PWSTracksTodoServiceFactory.m */,
				47642D1B1338C197005CA836 /* PWSTracksTodoFactory.h */,
				47642D1C1338C197005CA836 /* PWSTracksTodoFactory.m */,
				4703B0C11330E1D1002B866F /* PWSTracksTodoImp.h */,
				4703B0C21330E1D1002B866F /* PWSTracksTodoImp.m */,
			);
			name = TodoService;
			sourceTree = "<group>";
		};
		470AF91B1331DD8600130215 /* Common */ = {
			isa = PBXGroup;
			children = (
				470AF91C1331DE0500130215 /* PWSTracksBaseFactory.h */,
				470AF91D1331DE0500130215 /* PWSTracksBaseFactory.m */,
			);
			name = Common;
			sourceTree = "<group>";
		};
		47642D2F133A053E005CA836 /* ContextService */ = {
			isa = PBXGroup;
			children = (
				47019434133A086C00EB711A /* PWSTracksContextServiceFactory.m */,
				47019445133AD9A400EB711A /* PWSTracksContextFactory.h */,
				47019446133AD9A400EB711A /* PWSTracksContextFactory.m */,
				47019440133A0E6500EB711A /* PWSTracksContextImp.h */,
				47019441133A0E6500EB711A /* PWSTracksContextImp.m */,
			);
			name = ContextService;
			sourceTree = "<group>";
		};
/* End PBXGroup section */

/* Begin PBXHeadersBuildPhase section */
		4703B05D132F6CDE002B866F /* Headers */ = {
			isa = PBXHeadersBuildPhase;
			buildActionMask = 2147483647;
			files = (
				4703B0C31330E1D1002B866F /* PWSTracksTodoImp.h in Headers */,
				4703B0C81330EDC3002B866F /* PWSTracksTodo.h in Headers */,
				4703B0CC1330EFE7002B866F /* PWSTracksTodoServiceDelegate.h in Headers */,
				4703B0D21331BFFD002B866F /* PWSTracksTodoServiceFactory.h in Headers */,
				470AF91E1331DE0500130215 /* PWSTracksBaseFactory.h in Headers */,
				470AF93A1338A9CA00130215 /* PWSTracksServiceDelegate.h in Headers */,
				47642D111338AD70005CA836 /* PWSTracksService.h in Headers */,
				47642D1D1338C197005CA836 /* PWSTracksTodoFactory.h in Headers */,
				47642D2C133A0202005CA836 /* PWSTracksContext.h in Headers */,
				47642D2E133A04FF005CA836 /* PWSTracksContextServiceDelegate.h in Headers */,
				47019439133A08A700EB711A /* PWSTracksContextServiceFactory.h in Headers */,
				47019442133A0E6500EB711A /* PWSTracksContextImp.h in Headers */,
				47019447133AD9A400EB711A /* PWSTracksContextFactory.h in Headers */,
			);
			runOnlyForDeploymentPostprocessing = 0;
		};
/* End PBXHeadersBuildPhase section */

/* Begin PBXNativeTarget section */
		4703B05E132F6CDE002B866F /* TracksObjC */ = {
			isa = PBXNativeTarget;
			buildConfigurationList = 4703B082132F6CDE002B866F /* Build configuration list for PBXNativeTarget "TracksObjC" */;
			buildPhases = (
				4703B05B132F6CDE002B866F /* Sources */,
				4703B05C132F6CDE002B866F /* Frameworks */,
				4703B05D132F6CDE002B866F /* Headers */,
			);
			buildRules = (
			);
			dependencies = (
			);
			name = TracksObjC;
			productName = TracksObjC;
			productReference = 4703B05F132F6CDE002B866F /* libTracksObjC.a */;
			productType = "com.apple.product-type.library.static";
		};
		4703B06B132F6CDE002B866F /* TracksObjCTests */ = {
			isa = PBXNativeTarget;
			buildConfigurationList = 4703B085132F6CDE002B866F /* Build configuration list for PBXNativeTarget "TracksObjCTests" */;
			buildPhases = (
				4703B067132F6CDE002B866F /* Sources */,
				4703B068132F6CDE002B866F /* Frameworks */,
				4703B069132F6CDE002B866F /* Resources */,
				4703B06A132F6CDE002B866F /* ShellScript */,
			);
			buildRules = (
			);
			dependencies = (
				4703B073132F6CDE002B866F /* PBXTargetDependency */,
			);
			name = TracksObjCTests;
			productName = TracksObjCTests;
			productReference = 4703B06C132F6CDE002B866F /* TracksObjCTests.octest */;
			productType = "com.apple.product-type.bundle";
		};
/* End PBXNativeTarget section */

/* Begin PBXProject section */
		4703B056132F6CDD002B866F /* Project object */ = {
			isa = PBXProject;
			attributes = {
				ORGANIZATIONNAME = "Patchwork Solutions AB";
			};
			buildConfigurationList = 4703B059132F6CDD002B866F /* Build configuration list for PBXProject "TracksObjC" */;
			compatibilityVersion = "Xcode 3.2";
			developmentRegion = English;
			hasScannedForEncodings = 0;
			knownRegions = (
				en,
			);
			mainGroup = 4703B054132F6CDD002B866F;
			productRefGroup = 4703B060132F6CDE002B866F /* Products */;
			projectDirPath = "";
			projectRoot = "";
			targets = (
				4703B05E132F6CDE002B866F /* TracksObjC */,
				4703B06B132F6CDE002B866F /* TracksObjCTests */,
			);
		};
/* End PBXProject section */

/* Begin PBXResourcesBuildPhase section */
		4703B069132F6CDE002B866F /* Resources */ = {
			isa = PBXResourcesBuildPhase;
			buildActionMask = 2147483647;
			files = (
				4703B07A132F6CDE002B866F /* InfoPlist.strings in Resources */,
			);
			runOnlyForDeploymentPostprocessing = 0;
		};
/* End PBXResourcesBuildPhase section */

/* Begin PBXShellScriptBuildPhase section */
		4703B06A132F6CDE002B866F /* ShellScript */ = {
			isa = PBXShellScriptBuildPhase;
			buildActionMask = 2147483647;
			files = (
			);
			inputPaths = (
			);
			outputPaths = (
			);
			runOnlyForDeploymentPostprocessing = 0;
			shellPath = /bin/sh;
			shellScript = "# Run the unit tests in this test bundle.\n\"${SYSTEM_DEVELOPER_DIR}/Tools/RunUnitTests\"\n";
		};
/* End PBXShellScriptBuildPhase section */

/* Begin PBXSourcesBuildPhase section */
		4703B05B132F6CDE002B866F /* Sources */ = {
			isa = PBXSourcesBuildPhase;
			buildActionMask = 2147483647;
			files = (
				4703B0C41330E1D1002B866F /* PWSTracksTodoImp.m in Sources */,
				470AF91F1331DE0500130215 /* PWSTracksBaseFactory.m in Sources */,
				47642D161338B9E0005CA836 /* PWSTracksTodoServiceFactory.m in Sources */,
				47642D1E1338C197005CA836 /* PWSTracksTodoFactory.m in Sources */,
				47019435133A086C00EB711A /* PWSTracksContextServiceFactory.m in Sources */,
				47019443133A0E6500EB711A /* PWSTracksContextImp.m in Sources */,
				47019448133AD9A400EB711A /* PWSTracksContextFactory.m in Sources */,
			);
			runOnlyForDeploymentPostprocessing = 0;
		};
		4703B067132F6CDE002B866F /* Sources */ = {
			isa = PBXSourcesBuildPhase;
			buildActionMask = 2147483647;
			files = (
				470AF91A1331CA6100130215 /* TodoServiceTest.m in Sources */,
				4701944B133ADA4900EB711A /* ContextServiceTest.m in Sources */,
			);
			runOnlyForDeploymentPostprocessing = 0;
		};
/* End PBXSourcesBuildPhase section */

/* Begin PBXTargetDependency section */
		4703B073132F6CDE002B866F /* PBXTargetDependency */ = {
			isa = PBXTargetDependency;
			target = 4703B05E132F6CDE002B866F /* TracksObjC */;
			targetProxy = 4703B072132F6CDE002B866F /* PBXContainerItemProxy */;
		};
/* End PBXTargetDependency section */

/* Begin PBXVariantGroup section */
		4703B078132F6CDE002B866F /* InfoPlist.strings */ = {
			isa = PBXVariantGroup;
			children = (
				4703B079132F6CDE002B866F /* en */,
			);
			name = InfoPlist.strings;
			sourceTree = "<group>";
		};
/* End PBXVariantGroup section */

/* Begin XCBuildConfiguration section */
		4703B080132F6CDE002B866F /* Debug */ = {
			isa = XCBuildConfiguration;
			buildSettings = {
				ARCHS = "$(ARCHS_STANDARD_32_BIT)";
				GCC_C_LANGUAGE_STANDARD = gnu99;
				GCC_OPTIMIZATION_LEVEL = 0;
				GCC_PREPROCESSOR_DEFINITIONS = DEBUG;
				GCC_SYMBOLS_PRIVATE_EXTERN = NO;
				GCC_VERSION = com.apple.compilers.llvmgcc42;
				GCC_WARN_ABOUT_RETURN_TYPE = YES;
				GCC_WARN_UNUSED_VARIABLE = YES;
				IPHONEOS_DEPLOYMENT_TARGET = 4.3;
				SDKROOT = iphoneos;
			};
			name = Debug;
		};
		4703B081132F6CDE002B866F /* Release */ = {
			isa = XCBuildConfiguration;
			buildSettings = {
				ARCHS = "$(ARCHS_STANDARD_32_BIT)";
				GCC_C_LANGUAGE_STANDARD = gnu99;
				GCC_VERSION = com.apple.compilers.llvmgcc42;
				GCC_WARN_ABOUT_RETURN_TYPE = YES;
				GCC_WARN_UNUSED_VARIABLE = YES;
				IPHONEOS_DEPLOYMENT_TARGET = 4.3;
				SDKROOT = iphoneos;
			};
			name = Release;
		};
		4703B083132F6CDE002B866F /* Debug */ = {
			isa = XCBuildConfiguration;
			buildSettings = {
				ALWAYS_SEARCH_USER_PATHS = NO;
				DSTROOT = /tmp/TracksObjC.dst;
				GCC_PRECOMPILE_PREFIX_HEADER = YES;
				GCC_PREFIX_HEADER = "TracksObjC/TracksObjC-Prefix.pch";
				OTHER_LDFLAGS = "-ObjC";
				PRODUCT_NAME = "$(TARGET_NAME)";
			};
			name = Debug;
		};
		4703B084132F6CDE002B866F /* Release */ = {
			isa = XCBuildConfiguration;
			buildSettings = {
				ALWAYS_SEARCH_USER_PATHS = NO;
				DSTROOT = /tmp/TracksObjC.dst;
				GCC_PRECOMPILE_PREFIX_HEADER = YES;
				GCC_PREFIX_HEADER = "TracksObjC/TracksObjC-Prefix.pch";
				OTHER_LDFLAGS = "-ObjC";
				PRODUCT_NAME = "$(TARGET_NAME)";
			};
			name = Release;
		};
		4703B086132F6CDE002B866F /* Debug */ = {
			isa = XCBuildConfiguration;
			buildSettings = {
				ALWAYS_SEARCH_USER_PATHS = NO;
				FRAMEWORK_SEARCH_PATHS = (
					"$(SDKROOT)/Developer/Library/Frameworks",
					"$(DEVELOPER_LIBRARY_DIR)/Frameworks",
				);
				GCC_PRECOMPILE_PREFIX_HEADER = YES;
				GCC_PREFIX_HEADER = "TracksObjCTests/TracksObjCTests-Prefix.pch";
				"GCC_PREPROCESSOR_DEFINITIONS[arch=*]" = "SRCROOT=@\\\"$(SRCROOT)\\\"";
				INFOPLIST_FILE = "TracksObjCTests/TracksObjCTests-Info.plist";
				OTHER_LDFLAGS = (
					"-framework",
					SenTestingKit,
				);
				PRODUCT_NAME = "$(TARGET_NAME)";
				WRAPPER_EXTENSION = octest;
			};
			name = Debug;
		};
		4703B087132F6CDE002B866F /* Release */ = {
			isa = XCBuildConfiguration;
			buildSettings = {
				ALWAYS_SEARCH_USER_PATHS = NO;
				FRAMEWORK_SEARCH_PATHS = (
					"$(SDKROOT)/Developer/Library/Frameworks",
					"$(DEVELOPER_LIBRARY_DIR)/Frameworks",
				);
				GCC_PRECOMPILE_PREFIX_HEADER = YES;
				GCC_PREFIX_HEADER = "TracksObjCTests/TracksObjCTests-Prefix.pch";
				INFOPLIST_FILE = "TracksObjCTests/TracksObjCTests-Info.plist";
				OTHER_LDFLAGS = (
					"-framework",
					SenTestingKit,
				);
				PRODUCT_NAME = "$(TARGET_NAME)";
				WRAPPER_EXTENSION = octest;
			};
			name = Release;
		};
/* End XCBuildConfiguration section */

/* Begin XCConfigurationList section */
		4703B059132F6CDD002B866F /* Build configuration list for PBXProject "TracksObjC" */ = {
			isa = XCConfigurationList;
			buildConfigurations = (
				4703B080132F6CDE002B866F /* Debug */,
				4703B081132F6CDE002B866F /* Release */,
			);
			defaultConfigurationIsVisible = 0;
			defaultConfigurationName = Release;
		};
		4703B082132F6CDE002B866F /* Build configuration list for PBXNativeTarget "TracksObjC" */ = {
			isa = XCConfigurationList;
			buildConfigurations = (
				4703B083132F6CDE002B866F /* Debug */,
				4703B084132F6CDE002B866F /* Release */,
			);
			defaultConfigurationIsVisible = 0;
			defaultConfigurationName = Release;
		};
		4703B085132F6CDE002B866F /* Build configuration list for PBXNativeTarget "TracksObjCTests" */ = {
			isa = XCConfigurationList;
			buildConfigurations = (
				4703B086132F6CDE002B866F /* Debug */,
				4703B087132F6CDE002B866F /* Release */,
			);
			defaultConfigurationIsVisible = 0;
			defaultConfigurationName = Release;
		};
/* End XCConfigurationList section */
	};
	rootObject = 4703B056132F6CDD002B866F /* Project object */;
}
