// !$*UTF8*$!
{
	archiveVersion = 1;
	classes = {
	};
	objectVersion = 46;
	objects = {

/* Begin PBXBuildFile section */
		4703B063132F6CDE002B866F /* Foundation.framework in Frameworks */ = {isa = PBXBuildFile; fileRef = 4703B062132F6CDE002B866F /* Foundation.framework */; };
		4703B06E132F6CDE002B866F /* UIKit.framework in Frameworks */ = {isa = PBXBuildFile; fileRef = 4703B06D132F6CDE002B866F /* UIKit.framework */; };
		4703B06F132F6CDE002B866F /* Foundation.framework in Frameworks */ = {isa = PBXBuildFile; fileRef = 4703B062132F6CDE002B866F /* Foundation.framework */; };
		4703B071132F6CDE002B866F /* CoreGraphics.framework in Frameworks */ = {isa = PBXBuildFile; fileRef = 4703B070132F6CDE002B866F /* CoreGraphics.framework */; };
		4703B074132F6CDE002B866F /* libTracksObjC.a in Frameworks */ = {isa = PBXBuildFile; fileRef = 4703B05F132F6CDE002B866F /* libTracksObjC.a */; };
		4703B07A132F6CDE002B866F /* InfoPlist.strings in Resources */ = {isa = PBXBuildFile; fileRef = 4703B078132F6CDE002B866F /* InfoPlist.strings */; };
		4703B0C31330E1D1002B866F /* PWSTracksTodoImp.h in Headers */ = {isa = PBXBuildFile; fileRef = 4703B0C11330E1D1002B866F /* PWSTracksTodoImp.h */; };
		4703B0C41330E1D1002B866F /* PWSTracksTodoImp.m in Sources */ = {isa = PBXBuildFile; fileRef = 4703B0C21330E1D1002B866F /* PWSTracksTodoImp.m */; };
		4703B0C81330EDC3002B866F /* PWSTracksTodo.h in Headers */ = {isa = PBXBuildFile; fileRef = 4703B0C71330EDC3002B866F /* PWSTracksTodo.h */; };
		4703B0CA1330EE8C002B866F /* PWSTracksTodoService.h in Headers */ = {isa = PBXBuildFile; fileRef = 4703B0C91330EE8C002B866F /* PWSTracksTodoService.h */; };
		4703B0CC1330EFE7002B866F /* PWSTracksTodoServiceDelegate.h in Headers */ = {isa = PBXBuildFile; fileRef = 4703B0CB1330EFE7002B866F /* PWSTracksTodoServiceDelegate.h */; };
		4703B0D21331BFFD002B866F /* PWSTracksServiceFactory.h in Headers */ = {isa = PBXBuildFile; fileRef = 4703B0D11331BFFD002B866F /* PWSTracksServiceFactory.h */; };
		4703B0D41331C076002B866F /* PWSTracksServiceFactory.m in Sources */ = {isa = PBXBuildFile; fileRef = 4703B0D31331C076002B866F /* PWSTracksServiceFactory.m */; };
		470AF91A1331CA6100130215 /* TodoServiceTest.m in Sources */ = {isa = PBXBuildFile; fileRef = 470AF9161331C96C00130215 /* TodoServiceTest.m */; };
		470AF91E1331DE0500130215 /* PWSTracksBaseFactory.h in Headers */ = {isa = PBXBuildFile; fileRef = 470AF91C1331DE0500130215 /* PWSTracksBaseFactory.h */; };
		470AF91F1331DE0500130215 /* PWSTracksBaseFactory.m in Sources */ = {isa = PBXBuildFile; fileRef = 470AF91D1331DE0500130215 /* PWSTracksBaseFactory.m */; };
		470AF92213322D9500130215 /* PWSTracksTodoFactoryDelegate.h in Headers */ = {isa = PBXBuildFile; fileRef = 470AF92113322D9500130215 /* PWSTracksTodoFactoryDelegate.h */; };
		470AF925133231F900130215 /* PWSTracksTodoServiceImp.h in Headers */ = {isa = PBXBuildFile; fileRef = 470AF923133231F800130215 /* PWSTracksTodoServiceImp.h */; };
		470AF926133231F900130215 /* PWSTracksTodoServiceImp.m in Sources */ = {isa = PBXBuildFile; fileRef = 470AF924133231F800130215 /* PWSTracksTodoServiceImp.m */; };
/* End PBXBuildFile section */

/* Begin PBXContainerItemProxy section */
		4703B072132F6CDE002B866F /* PBXContainerItemProxy */ = {
			isa = PBXContainerItemProxy;
			containerPortal = 4703B056132F6CDD002B866F /* Project object */;
			proxyType = 1;
			remoteGlobalIDString = 4703B05E132F6CDE002B866F;
			remoteInfo = TracksObjC;
		};
/* End PBXContainerItemProxy section */

/* Begin PBXFileReference section */
		4703B05F132F6CDE002B866F /* libTracksObjC.a */ = {isa = PBXFileReference; explicitFileType = archive.ar; includeInIndex = 0; path = libTracksObjC.a; sourceTree = BUILT_PRODUCTS_DIR; };
		4703B062132F6CDE002B866F /* Foundation.framework */ = {isa = PBXFileReference; lastKnownFileType = wrapper.framework; name = Foundation.framework; path = System/Library/Frameworks/Foundation.framework; sourceTree = SDKROOT; };
		4703B066132F6CDE002B866F /* TracksObjC-Prefix.pch */ = {isa = PBXFileReference; lastKnownFileType = sourcecode.c.h; path = "TracksObjC-Prefix.pch"; sourceTree = "<group>"; };
		4703B06C132F6CDE002B866F /* TracksObjCTests.octest */ = {isa = PBXFileReference; explicitFileType = wrapper.cfbundle; includeInIndex = 0; path = TracksObjCTests.octest; sourceTree = BUILT_PRODUCTS_DIR; };
		4703B06D132F6CDE002B866F /* UIKit.framework */ = {isa = PBXFileReference; lastKnownFileType = wrapper.framework; name = UIKit.framework; path = System/Library/Frameworks/UIKit.framework; sourceTree = SDKROOT; };
		4703B070132F6CDE002B866F /* CoreGraphics.framework */ = {isa = PBXFileReference; lastKnownFileType = wrapper.framework; name = CoreGraphics.framework; path = System/Library/Frameworks/CoreGraphics.framework; sourceTree = SDKROOT; };
		4703B077132F6CDE002B866F /* TracksObjCTests-Info.plist */ = {isa = PBXFileReference; lastKnownFileType = text.plist.xml; path = "TracksObjCTests-Info.plist"; sourceTree = "<group>"; };
		4703B079132F6CDE002B866F /* en */ = {isa = PBXFileReference; lastKnownFileType = text.plist.strings; name = en; path = en.lproj/InfoPlist.strings; sourceTree = "<group>"; };
		4703B07B132F6CDE002B866F /* TracksObjCTests-Prefix.pch */ = {isa = PBXFileReference; lastKnownFileType = sourcecode.c.h; path = "TracksObjCTests-Prefix.pch"; sourceTree = "<group>"; };
		4703B09E132F7A8D002B866F /* LICENCE */ = {isa = PBXFileReference; lastKnownFileType = text; path = LICENCE; sourceTree = "<group>"; };
		4703B09F132F7AE2002B866F /* README */ = {isa = PBXFileReference; lastKnownFileType = text; path = README; sourceTree = "<group>"; };
		4703B0C11330E1D1002B866F /* PWSTracksTodoImp.h */ = {isa = PBXFileReference; fileEncoding = 4; lastKnownFileType = sourcecode.c.h; name = PWSTracksTodoImp.h; path = Implementation/PWSTracksTodoImp.h; sourceTree = "<group>"; };
		4703B0C21330E1D1002B866F /* PWSTracksTodoImp.m */ = {isa = PBXFileReference; fileEncoding = 4; lastKnownFileType = sourcecode.c.objc; name = PWSTracksTodoImp.m; path = Implementation/PWSTracksTodoImp.m; sourceTree = "<group>"; };
		4703B0C71330EDC3002B866F /* PWSTracksTodo.h */ = {isa = PBXFileReference; fileEncoding = 4; lastKnownFileType = sourcecode.c.h; name = PWSTracksTodo.h; path = Interface/PWSTracksTodo.h; sourceTree = "<group>"; };
		4703B0C91330EE8C002B866F /* PWSTracksTodoService.h */ = {isa = PBXFileReference; fileEncoding = 4; lastKnownFileType = sourcecode.c.h; name = PWSTracksTodoService.h; path = Interface/PWSTracksTodoService.h; sourceTree = "<group>"; };
		4703B0CB1330EFE7002B866F /* PWSTracksTodoServiceDelegate.h */ = {isa = PBXFileReference; fileEncoding = 4; lastKnownFileType = sourcecode.c.h; name = PWSTracksTodoServiceDelegate.h; path = Interface/PWSTracksTodoServiceDelegate.h; sourceTree = "<group>"; };
		4703B0D11331BFFD002B866F /* PWSTracksServiceFactory.h */ = {isa = PBXFileReference; fileEncoding = 4; lastKnownFileType = sourcecode.c.h; name = PWSTracksServiceFactory.h; path = Interface/PWSTracksServiceFactory.h; sourceTree = "<group>"; };
		4703B0D31331C076002B866F /* PWSTracksServiceFactory.m */ = {isa = PBXFileReference; fileEncoding = 4; lastKnownFileType = sourcecode.c.objc; name = PWSTracksServiceFactory.m; path = Implementation/PWSTracksServiceFactory.m; sourceTree = "<group>"; };
		470AF9151331C96C00130215 /* TodoServiceTest.h */ = {isa = PBXFileReference; fileEncoding = 4; lastKnownFileType = sourcecode.c.h; path = TodoServiceTest.h; sourceTree = "<group>"; };
		470AF9161331C96C00130215 /* TodoServiceTest.m */ = {isa = PBXFileReference; fileEncoding = 4; lastKnownFileType = sourcecode.c.objc; path = TodoServiceTest.m; sourceTree = "<group>"; };
		470AF91C1331DE0500130215 /* PWSTracksBaseFactory.h */ = {isa = PBXFileReference; fileEncoding = 4; lastKnownFileType = sourcecode.c.h; name = PWSTracksBaseFactory.h; path = Implementation/PWSTracksBaseFactory.h; sourceTree = "<group>"; };
		470AF91D1331DE0500130215 /* PWSTracksBaseFactory.m */ = {isa = PBXFileReference; fileEncoding = 4; lastKnownFileType = sourcecode.c.objc; name = PWSTracksBaseFactory.m; path = Implementation/PWSTracksBaseFactory.m; sourceTree = "<group>"; };
		470AF92113322D9500130215 /* PWSTracksTodoFactoryDelegate.h */ = {isa = PBXFileReference; fileEncoding = 4; lastKnownFileType = sourcecode.c.h; name = PWSTracksTodoFactoryDelegate.h; path = Implementation/PWSTracksTodoFactoryDelegate.h; sourceTree = "<group>"; };
		470AF923133231F800130215 /* PWSTracksTodoServiceImp.h */ = {isa = PBXFileReference; fileEncoding = 4; lastKnownFileType = sourcecode.c.h; name = PWSTracksTodoServiceImp.h; path = Implementation/PWSTracksTodoServiceImp.h; sourceTree = "<group>"; };
		470AF924133231F800130215 /* PWSTracksTodoServiceImp.m */ = {isa = PBXFileReference; fileEncoding = 4; lastKnownFileType = sourcecode.c.objc; name = PWSTracksTodoServiceImp.m; path = Implementation/PWSTracksTodoServiceImp.m; sourceTree = "<group>"; };
/* End PBXFileReference section */

/* Begin PBXFrameworksBuildPhase section */
		4703B05C132F6CDE002B866F /* Frameworks */ = {
			isa = PBXFrameworksBuildPhase;
			buildActionMask = 2147483647;
			files = (
				4703B063132F6CDE002B866F /* Foundation.framework in Frameworks */,
			);
			runOnlyForDeploymentPostprocessing = 0;
		};
		4703B068132F6CDE002B866F /* Frameworks */ = {
			isa = PBXFrameworksBuildPhase;
			buildActionMask = 2147483647;
			files = (
				4703B06E132F6CDE002B866F /* UIKit.framework in Frameworks */,
				4703B06F132F6CDE002B866F /* Foundation.framework in Frameworks */,
				4703B071132F6CDE002B866F /* CoreGraphics.framework in Frameworks */,
				4703B074132F6CDE002B866F /* libTracksObjC.a in Frameworks */,
			);
			runOnlyForDeploymentPostprocessing = 0;
		};
/* End PBXFrameworksBuildPhase section */

/* Begin PBXGroup section */
		4703B054132F6CDD002B866F = {
			isa = PBXGroup;
			children = (
				4703B0C61330E57C002B866F /* Interface */,
				4703B0C51330E215002B866F /* Implementation */,
				4703B09F132F7AE2002B866F /* README */,
				4703B09E132F7A8D002B866F /* LICENCE */,
				4703B064132F6CDE002B866F /* TracksObjC */,
				4703B075132F6CDE002B866F /* TracksObjCTests */,
				4703B061132F6CDE002B866F /* Frameworks */,
				4703B060132F6CDE002B866F /* Products */,
			);
			sourceTree = "<group>";
		};
		4703B060132F6CDE002B866F /* Products */ = {
			isa = PBXGroup;
			children = (
				4703B05F132F6CDE002B866F /* libTracksObjC.a */,
				4703B06C132F6CDE002B866F /* TracksObjCTests.octest */,
			);
			name = Products;
			sourceTree = "<group>";
		};
		4703B061132F6CDE002B866F /* Frameworks */ = {
			isa = PBXGroup;
			children = (
				4703B062132F6CDE002B866F /* Foundation.framework */,
				4703B06D132F6CDE002B866F /* UIKit.framework */,
				4703B070132F6CDE002B866F /* CoreGraphics.framework */,
			);
			name = Frameworks;
			sourceTree = "<group>";
		};
		4703B064132F6CDE002B866F /* TracksObjC */ = {
			isa = PBXGroup;
			children = (
				4703B065132F6CDE002B866F /* Supporting Files */,
			);
			path = TracksObjC;
			sourceTree = "<group>";
		};
		4703B065132F6CDE002B866F /* Supporting Files */ = {
			isa = PBXGroup;
			children = (
				4703B066132F6CDE002B866F /* TracksObjC-Prefix.pch */,
			);
			name = "Supporting Files";
			sourceTree = "<group>";
		};
		4703B075132F6CDE002B866F /* TracksObjCTests */ = {
			isa = PBXGroup;
			children = (
				470AF9151331C96C00130215 /* TodoServiceTest.h */,
				470AF9161331C96C00130215 /* TodoServiceTest.m */,
				4703B076132F6CDE002B866F /* Supporting Files */,
			);
			path = TracksObjCTests;
			sourceTree = "<group>";
		};
		4703B076132F6CDE002B866F /* Supporting Files */ = {
			isa = PBXGroup;
			children = (
				4703B077132F6CDE002B866F /* TracksObjCTests-Info.plist */,
				4703B078132F6CDE002B866F /* InfoPlist.strings */,
				4703B07B132F6CDE002B866F /* TracksObjCTests-Prefix.pch */,
			);
			name = "Supporting Files";
			sourceTree = "<group>";
		};
		4703B0C51330E215002B866F /* Implementation */ = {
			isa = PBXGroup;
			children = (
				4703B0D31331C076002B866F /* PWSTracksServiceFactory.m */,
				470AF91B1331DD8600130215 /* Common */,
				4703B0D51331C0BC002B866F /* TodoService */,
			);
			name = Implementation;
			sourceTree = "<group>";
		};
		4703B0C61330E57C002B866F /* Interface */ = {
			isa = PBXGroup;
			children = (
				4703B0D11331BFFD002B866F /* PWSTracksServiceFactory.h */,
				4703B0C71330EDC3002B866F /* PWSTracksTodo.h */,
				4703B0C91330EE8C002B866F /* PWSTracksTodoService.h */,
				4703B0CB1330EFE7002B866F /* PWSTracksTodoServiceDelegate.h */,
			);
			name = Interface;
			sourceTree = "<group>";
		};
		4703B0D51331C0BC002B866F /* TodoService */ = {
			isa = PBXGroup;
			children = (
				470AF92013322D3500130215 /* TodoFactories */,
				470AF923133231F800130215 /* PWSTracksTodoServiceImp.h */,
				470AF924133231F800130215 /* PWSTracksTodoServiceImp.m */,
				4703B0C11330E1D1002B866F /* PWSTracksTodoImp.h */,
				4703B0C21330E1D1002B866F /* PWSTracksTodoImp.m */,
			);
			name = TodoService;
			sourceTree = "<group>";
		};
		470AF91B1331DD8600130215 /* Common */ = {
			isa = PBXGroup;
			children = (
				470AF91C1331DE0500130215 /* PWSTracksBaseFactory.h */,
				470AF91D1331DE0500130215 /* PWSTracksBaseFactory.m */,
			);
			name = Common;
			sourceTree = "<group>";
		};
		470AF92013322D3500130215 /* TodoFactories */ = {
			isa = PBXGroup;
			children = (
				470AF92113322D9500130215 /* PWSTracksTodoFactoryDelegate.h */,
			);
			name = TodoFactories;
			sourceTree = "<group>";
		};
/* End PBXGroup section */

/* Begin PBXHeadersBuildPhase section */
		4703B05D132F6CDE002B866F /* Headers */ = {
			isa = PBXHeadersBuildPhase;
			buildActionMask = 2147483647;
			files = (
				4703B0C31330E1D1002B866F /* PWSTracksTodoImp.h in Headers */,
				4703B0C81330EDC3002B866F /* PWSTracksTodo.h in Headers */,
				4703B0CA1330EE8C002B866F /* PWSTracksTodoService.h in Headers */,
				4703B0CC1330EFE7002B866F /* PWSTracksTodoServiceDelegate.h in Headers */,
				4703B0D21331BFFD002B866F /* PWSTracksServiceFactory.h in Headers */,
				470AF91E1331DE0500130215 /* PWSTracksBaseFactory.h in Headers */,
				470AF92213322D9500130215 /* PWSTracksTodoFactoryDelegate.h in Headers */,
				470AF925133231F900130215 /* PWSTracksTodoServiceImp.h in Headers */,
			);
			runOnlyForDeploymentPostprocessing = 0;
		};
/* End PBXHeadersBuildPhase section */

/* Begin PBXNativeTarget section */
		4703B05E132F6CDE002B866F /* TracksObjC */ = {
			isa = PBXNativeTarget;
			buildConfigurationList = 4703B082132F6CDE002B866F /* Build configuration list for PBXNativeTarget "TracksObjC" */;
			buildPhases = (
				4703B05B132F6CDE002B866F /* Sources */,
				4703B05C132F6CDE002B866F /* Frameworks */,
				4703B05D132F6CDE002B866F /* Headers */,
			);
			buildRules = (
			);
			dependencies = (
			);
			name = TracksObjC;
			productName = TracksObjC;
			productReference = 4703B05F132F6CDE002B866F /* libTracksObjC.a */;
			productType = "com.apple.product-type.library.static";
		};
		4703B06B132F6CDE002B866F /* TracksObjCTests */ = {
			isa = PBXNativeTarget;
			buildConfigurationList = 4703B085132F6CDE002B866F /* Build configuration list for PBXNativeTarget "TracksObjCTests" */;
			buildPhases = (
				4703B067132F6CDE002B866F /* Sources */,
				4703B068132F6CDE002B866F /* Frameworks */,
				4703B069132F6CDE002B866F /* Resources */,
				4703B06A132F6CDE002B866F /* ShellScript */,
			);
			buildRules = (
			);
			dependencies = (
				4703B073132F6CDE002B866F /* PBXTargetDependency */,
			);
			name = TracksObjCTests;
			productName = TracksObjCTests;
			productReference = 4703B06C132F6CDE002B866F /* TracksObjCTests.octest */;
			productType = "com.apple.product-type.bundle";
		};
/* End PBXNativeTarget section */

/* Begin PBXProject section */
		4703B056132F6CDD002B866F /* Project object */ = {
			isa = PBXProject;
			attributes = {
				ORGANIZATIONNAME = "Patchwork Solutions AB";
			};
			buildConfigurationList = 4703B059132F6CDD002B866F /* Build configuration list for PBXProject "TracksObjC" */;
			compatibilityVersion = "Xcode 3.2";
			developmentRegion = English;
			hasScannedForEncodings = 0;
			knownRegions = (
				en,
			);
			mainGroup = 4703B054132F6CDD002B866F;
			productRefGroup = 4703B060132F6CDE002B866F /* Products */;
			projectDirPath = "";
			projectRoot = "";
			targets = (
				4703B05E132F6CDE002B866F /* TracksObjC */,
				4703B06B132F6CDE002B866F /* TracksObjCTests */,
			);
		};
/* End PBXProject section */

/* Begin PBXResourcesBuildPhase section */
		4703B069132F6CDE002B866F /* Resources */ = {
			isa = PBXResourcesBuildPhase;
			buildActionMask = 2147483647;
			files = (
				4703B07A132F6CDE002B866F /* InfoPlist.strings in Resources */,
			);
			runOnlyForDeploymentPostprocessing = 0;
		};
/* End PBXResourcesBuildPhase section */

/* Begin PBXShellScriptBuildPhase section */
		4703B06A132F6CDE002B866F /* ShellScript */ = {
			isa = PBXShellScriptBuildPhase;
			buildActionMask = 2147483647;
			files = (
			);
			inputPaths = (
			);
			outputPaths = (
			);
			runOnlyForDeploymentPostprocessing = 0;
			shellPath = /bin/sh;
			shellScript = "# Run the unit tests in this test bundle.\n\"${SYSTEM_DEVELOPER_DIR}/Tools/RunUnitTests\"\n";
		};
/* End PBXShellScriptBuildPhase section */

/* Begin PBXSourcesBuildPhase section */
		4703B05B132F6CDE002B866F /* Sources */ = {
			isa = PBXSourcesBuildPhase;
			buildActionMask = 2147483647;
			files = (
				4703B0C41330E1D1002B866F /* PWSTracksTodoImp.m in Sources */,
				4703B0D41331C076002B866F /* PWSTracksServiceFactory.m in Sources */,
				470AF91F1331DE0500130215 /* PWSTracksBaseFactory.m in Sources */,
				470AF926133231F900130215 /* PWSTracksTodoServiceImp.m in Sources */,
			);
			runOnlyForDeploymentPostprocessing = 0;
		};
		4703B067132F6CDE002B866F /* Sources */ = {
			isa = PBXSourcesBuildPhase;
			buildActionMask = 2147483647;
			files = (
				470AF91A1331CA6100130215 /* TodoServiceTest.m in Sources */,
			);
			runOnlyForDeploymentPostprocessing = 0;
		};
/* End PBXSourcesBuildPhase section */

/* Begin PBXTargetDependency section */
		4703B073132F6CDE002B866F /* PBXTargetDependency */ = {
			isa = PBXTargetDependency;
			target = 4703B05E132F6CDE002B866F /* TracksObjC */;
			targetProxy = 4703B072132F6CDE002B866F /* PBXContainerItemProxy */;
		};
/* End PBXTargetDependency section */

/* Begin PBXVariantGroup section */
		4703B078132F6CDE002B866F /* InfoPlist.strings */ = {
			isa = PBXVariantGroup;
			children = (
				4703B079132F6CDE002B866F /* en */,
			);
			name = InfoPlist.strings;
			sourceTree = "<group>";
		};
/* End PBXVariantGroup section */

/* Begin XCBuildConfiguration section */
		4703B080132F6CDE002B866F /* Debug */ = {
			isa = XCBuildConfiguration;
			buildSettings = {
				ARCHS = "$(ARCHS_STANDARD_32_BIT)";
				GCC_C_LANGUAGE_STANDARD = gnu99;
				GCC_OPTIMIZATION_LEVEL = 0;
				GCC_PREPROCESSOR_DEFINITIONS = DEBUG;
				GCC_SYMBOLS_PRIVATE_EXTERN = NO;
				GCC_VERSION = com.apple.compilers.llvmgcc42;
				GCC_WARN_ABOUT_RETURN_TYPE = YES;
				GCC_WARN_UNUSED_VARIABLE = YES;
				IPHONEOS_DEPLOYMENT_TARGET = 4.3;
				SDKROOT = iphoneos;
			};
			name = Debug;
		};
		4703B081132F6CDE002B866F /* Release */ = {
			isa = XCBuildConfiguration;
			buildSettings = {
				ARCHS = "$(ARCHS_STANDARD_32_BIT)";
				GCC_C_LANGUAGE_STANDARD = gnu99;
				GCC_VERSION = com.apple.compilers.llvmgcc42;
				GCC_WARN_ABOUT_RETURN_TYPE = YES;
				GCC_WARN_UNUSED_VARIABLE = YES;
				IPHONEOS_DEPLOYMENT_TARGET = 4.3;
				SDKROOT = iphoneos;
			};
			name = Release;
		};
		4703B083132F6CDE002B866F /* Debug */ = {
			isa = XCBuildConfiguration;
			buildSettings = {
				ALWAYS_SEARCH_USER_PATHS = NO;
				DSTROOT = /tmp/TracksObjC.dst;
				GCC_PRECOMPILE_PREFIX_HEADER = YES;
				GCC_PREFIX_HEADER = "TracksObjC/TracksObjC-Prefix.pch";
				OTHER_LDFLAGS = "-ObjC";
				PRODUCT_NAME = "$(TARGET_NAME)";
			};
			name = Debug;
		};
		4703B084132F6CDE002B866F /* Release */ = {
			isa = XCBuildConfiguration;
			buildSettings = {
				ALWAYS_SEARCH_USER_PATHS = NO;
				DSTROOT = /tmp/TracksObjC.dst;
				GCC_PRECOMPILE_PREFIX_HEADER = YES;
				GCC_PREFIX_HEADER = "TracksObjC/TracksObjC-Prefix.pch";
				OTHER_LDFLAGS = "-ObjC";
				PRODUCT_NAME = "$(TARGET_NAME)";
			};
			name = Release;
		};
		4703B086132F6CDE002B866F /* Debug */ = {
			isa = XCBuildConfiguration;
			buildSettings = {
				ALWAYS_SEARCH_USER_PATHS = NO;
				FRAMEWORK_SEARCH_PATHS = (
					"$(SDKROOT)/Developer/Library/Frameworks",
					"$(DEVELOPER_LIBRARY_DIR)/Frameworks",
				);
				GCC_PRECOMPILE_PREFIX_HEADER = YES;
				GCC_PREFIX_HEADER = "TracksObjCTests/TracksObjCTests-Prefix.pch";
				"GCC_PREPROCESSOR_DEFINITIONS[arch=*]" = "SRCROOT=@\\\"$(SRCROOT)\\\"";
				INFOPLIST_FILE = "TracksObjCTests/TracksObjCTests-Info.plist";
				OTHER_LDFLAGS = (
					"-framework",
					SenTestingKit,
				);
				PRODUCT_NAME = "$(TARGET_NAME)";
				WRAPPER_EXTENSION = octest;
			};
			name = Debug;
		};
		4703B087132F6CDE002B866F /* Release */ = {
			isa = XCBuildConfiguration;
			buildSettings = {
				ALWAYS_SEARCH_USER_PATHS = NO;
				FRAMEWORK_SEARCH_PATHS = (
					"$(SDKROOT)/Developer/Library/Frameworks",
					"$(DEVELOPER_LIBRARY_DIR)/Frameworks",
				);
				GCC_PRECOMPILE_PREFIX_HEADER = YES;
				GCC_PREFIX_HEADER = "TracksObjCTests/TracksObjCTests-Prefix.pch";
				INFOPLIST_FILE = "TracksObjCTests/TracksObjCTests-Info.plist";
				OTHER_LDFLAGS = (
					"-framework",
					SenTestingKit,
				);
				PRODUCT_NAME = "$(TARGET_NAME)";
				WRAPPER_EXTENSION = octest;
			};
			name = Release;
		};
/* End XCBuildConfiguration section */

/* Begin XCConfigurationList section */
		4703B059132F6CDD002B866F /* Build configuration list for PBXProject "TracksObjC" */ = {
			isa = XCConfigurationList;
			buildConfigurations = (
				4703B080132F6CDE002B866F /* Debug */,
				4703B081132F6CDE002B866F /* Release */,
			);
			defaultConfigurationIsVisible = 0;
			defaultConfigurationName = Release;
		};
		4703B082132F6CDE002B866F /* Build configuration list for PBXNativeTarget "TracksObjC" */ = {
			isa = XCConfigurationList;
			buildConfigurations = (
				4703B083132F6CDE002B866F /* Debug */,
				4703B084132F6CDE002B866F /* Release */,
			);
			defaultConfigurationIsVisible = 0;
			defaultConfigurationName = Release;
		};
		4703B085132F6CDE002B866F /* Build configuration list for PBXNativeTarget "TracksObjCTests" */ = {
			isa = XCConfigurationList;
			buildConfigurations = (
				4703B086132F6CDE002B866F /* Debug */,
				4703B087132F6CDE002B866F /* Release */,
			);
			defaultConfigurationIsVisible = 0;
			defaultConfigurationName = Release;
		};
/* End XCConfigurationList section */
	};
	rootObject = 4703B056132F6CDD002B866F /* Project object */;
}
